
Microsoft Visual Studio Solution File, Format Version 12.00
# Visual Studio Version 16
VisualStudioVersion = 16.0.30406.217
MinimumVisualStudioVersion = 10.0.40219.1
Project("{FAE04EC0-301F-11D3-BF4B-00C04F79EFBC}") = "logo project 11 days", "logo project 11 days\logo project 11 days.csproj", "{D252538E-E0E2-4E18-9C3E-C6F00DCE31DE}"
EndProject
Global
	GlobalSection(SolutionConfigurationPlatforms) = preSolution
		Debug|Any CPU = Debug|Any CPU
		Release|Any CPU = Release|Any CPU
	EndGlobalSection
	GlobalSection(ProjectConfigurationPlatforms) = postSolution
		{D252538E-E0E2-4E18-9C3E-C6F00DCE31DE}.Debug|Any CPU.ActiveCfg = Debug|Any CPU
		{D252538E-E0E2-4E18-9C3E-C6F00DCE31DE}.Debug|Any CPU.Build.0 = Debug|Any CPU
		{D252538E-E0E2-4E18-9C3E-C6F00DCE31DE}.Release|Any CPU.ActiveCfg = Release|Any CPU
		{D252538E-E0E2-4E18-9C3E-C6F00DCE31DE}.Release|Any CPU.Build.0 = Release|Any CPU
	EndGlobalSection
	GlobalSection(SolutionProperties) = preSolution
		HideSolutionNode = FALSE
	EndGlobalSection
	GlobalSection(ExtensibilityGlobals) = postSolution
		SolutionGuid = {ED5D63E3-1C4D-4848-950F-FD783B077383}
	EndGlobalSection
EndGlobal
